
Microsoft Visual Studio Solution File, Format Version 12.00
# Visual Studio Version 17
VisualStudioVersion = 17.12.35527.113
MinimumVisualStudioVersion = 10.0.40219.1
Project("{FAE04EC0-301F-11D3-BF4B-00C04F79EFBC}") = "Task_Oops", "Task_Oops\Task_Oops.csproj", "{16C1ABAC-4AD5-48DA-AE32-811BFA72102C}"
EndProject
Global
	GlobalSection(SolutionConfigurationPlatforms) = preSolution
		Debug|Any CPU = Debug|Any CPU
		Release|Any CPU = Release|Any CPU
	EndGlobalSection
	GlobalSection(ProjectConfigurationPlatforms) = postSolution
		{16C1ABAC-4AD5-48DA-AE32-811BFA72102C}.Debug|Any CPU.ActiveCfg = Debug|Any CPU
		{16C1ABAC-4AD5-48DA-AE32-811BFA72102C}.Debug|Any CPU.Build.0 = Debug|Any CPU
		{16C1ABAC-4AD5-48DA-AE32-811BFA72102C}.Release|Any CPU.ActiveCfg = Release|Any CPU
		{16C1ABAC-4AD5-48DA-AE32-811BFA72102C}.Release|Any CPU.Build.0 = Release|Any CPU
	EndGlobalSection
	GlobalSection(SolutionProperties) = preSolution
		HideSolutionNode = FALSE
	EndGlobalSection
EndGlobal
